// !$*UTF8*$!
{
	archiveVersion = 1;
	classes = {
	};
	objectVersion = 77;
	objects = {

/* Begin PBXContainerItemProxy section */
		8BD2C4B12CA23B9D0029F6F8 /* PBXContainerItemProxy */ = {
			isa = PBXContainerItemProxy;
			containerPortal = 8BD2C4962CA23B9B0029F6F8 /* Project object */;
			proxyType = 1;
			remoteGlobalIDString = 8BD2C49D2CA23B9B0029F6F8;
			remoteInfo = DammaGochi;
		};
		8BD2C4BB2CA23B9D0029F6F8 /* PBXContainerItemProxy */ = {
			isa = PBXContainerItemProxy;
			containerPortal = 8BD2C4962CA23B9B0029F6F8 /* Project object */;
			proxyType = 1;
			remoteGlobalIDString = 8BD2C49D2CA23B9B0029F6F8;
			remoteInfo = DammaGochi;
		};
/* End PBXContainerItemProxy section */

/* Begin PBXFileReference section */
		8BD2C49E2CA23B9B0029F6F8 /* DammaGochi.app */ = {isa = PBXFileReference; explicitFileType = wrapper.application; includeInIndex = 0; path = DammaGochi.app; sourceTree = BUILT_PRODUCTS_DIR; };
		8BD2C4B02CA23B9D0029F6F8 /* DammaGochiTests.xctest */ = {isa = PBXFileReference; explicitFileType = wrapper.cfbundle; includeInIndex = 0; path = DammaGochiTests.xctest; sourceTree = BUILT_PRODUCTS_DIR; };
		8BD2C4BA2CA23B9D0029F6F8 /* DammaGochiUITests.xctest */ = {isa = PBXFileReference; explicitFileType = wrapper.cfbundle; includeInIndex = 0; path = DammaGochiUITests.xctest; sourceTree = BUILT_PRODUCTS_DIR; };
/* End PBXFileReference section */

/* Begin PBXFileSystemSynchronizedRootGroup section */
		8BD2C4A02CA23B9B0029F6F8 /* DammaGochi */ = {
			isa = PBXFileSystemSynchronizedRootGroup;
			path = DammaGochi;
			sourceTree = "<group>";
		};
		8BD2C4B32CA23B9D0029F6F8 /* DammaGochiTests */ = {
			isa = PBXFileSystemSynchronizedRootGroup;
			path = DammaGochiTests;
			sourceTree = "<group>";
		};
		8BD2C4BD2CA23B9D0029F6F8 /* DammaGochiUITests */ = {
			isa = PBXFileSystemSynchronizedRootGroup;
			path = DammaGochiUITests;
			sourceTree = "<group>";
		};
/* End PBXFileSystemSynchronizedRootGroup section */

/* Begin PBXFrameworksBuildPhase section */
		8BD2C49B2CA23B9B0029F6F8 /* Frameworks */ = {
			isa = PBXFrameworksBuildPhase;
			buildActionMask = 2147483647;
			files = (
			);
			runOnlyForDeploymentPostprocessing = 0;
		};
		8BD2C4AD2CA23B9D0029F6F8 /* Frameworks */ = {
			isa = PBXFrameworksBuildPhase;
			buildActionMask = 2147483647;
			files = (
			);
			runOnlyForDeploymentPostprocessing = 0;
		};
		8BD2C4B72CA23B9D0029F6F8 /* Frameworks */ = {
			isa = PBXFrameworksBuildPhase;
			buildActionMask = 2147483647;
			files = (
			);
			runOnlyForDeploymentPostprocessing = 0;
		};
/* End PBXFrameworksBuildPhase section */

/* Begin PBXGroup section */
		6E6E620A2CA294A3008450B9 /* Frameworks */ = {
			isa = PBXGroup;
			children = (
			);
			name = Frameworks;
			sourceTree = "<group>";
		};
		8BD2C4952CA23B9B0029F6F8 = {
			isa = PBXGroup;
			children = (
				8BD2C4A02CA23B9B0029F6F8 /* DammaGochi */,
				8BD2C4B32CA23B9D0029F6F8 /* DammaGochiTests */,
				8BD2C4BD2CA23B9D0029F6F8 /* DammaGochiUITests */,
				6E6E620A2CA294A3008450B9 /* Frameworks */,
				8BD2C49F2CA23B9B0029F6F8 /* Products */,
			);
			sourceTree = "<group>";
		};
		8BD2C49F2CA23B9B0029F6F8 /* Products */ = {
			isa = PBXGroup;
			children = (
				8BD2C49E2CA23B9B0029F6F8 /* DammaGochi.app */,
				8BD2C4B02CA23B9D0029F6F8 /* DammaGochiTests.xctest */,
				8BD2C4BA2CA23B9D0029F6F8 /* DammaGochiUITests.xctest */,
			);
			name = Products;
			sourceTree = "<group>";
		};
/* End PBXGroup section */

/* Begin PBXNativeTarget section */
		8BD2C49D2CA23B9B0029F6F8 /* DammaGochi */ = {
			isa = PBXNativeTarget;
			buildConfigurationList = 8BD2C4C42CA23B9D0029F6F8 /* Build configuration list for PBXNativeTarget "DammaGochi" */;
			buildPhases = (
				8BD2C49A2CA23B9B0029F6F8 /* Sources */,
				8BD2C49B2CA23B9B0029F6F8 /* Frameworks */,
				8BD2C49C2CA23B9B0029F6F8 /* Resources */,
			);
			buildRules = (
			);
			dependencies = (
			);
			fileSystemSynchronizedGroups = (
				8BD2C4A02CA23B9B0029F6F8 /* DammaGochi */,
			);
			name = DammaGochi;
			packageProductDependencies = (
			);
			productName = DammaGochi;
			productReference = 8BD2C49E2CA23B9B0029F6F8 /* DammaGochi.app */;
			productType = "com.apple.product-type.application";
		};
		8BD2C4AF2CA23B9D0029F6F8 /* DammaGochiTests */ = {
			isa = PBXNativeTarget;
			buildConfigurationList = 8BD2C4C72CA23B9D0029F6F8 /* Build configuration list for PBXNativeTarget "DammaGochiTests" */;
			buildPhases = (
				8BD2C4AC2CA23B9D0029F6F8 /* Sources */,
				8BD2C4AD2CA23B9D0029F6F8 /* Frameworks */,
				8BD2C4AE2CA23B9D0029F6F8 /* Resources */,
			);
			buildRules = (
			);
			dependencies = (
				8BD2C4B22CA23B9D0029F6F8 /* PBXTargetDependency */,
			);
			fileSystemSynchronizedGroups = (
				8BD2C4B32CA23B9D0029F6F8 /* DammaGochiTests */,
			);
			name = DammaGochiTests;
			packageProductDependencies = (
			);
			productName = DammaGochiTests;
			productReference = 8BD2C4B02CA23B9D0029F6F8 /* DammaGochiTests.xctest */;
			productType = "com.apple.product-type.bundle.unit-test";
		};
		8BD2C4B92CA23B9D0029F6F8 /* DammaGochiUITests */ = {
			isa = PBXNativeTarget;
			buildConfigurationList = 8BD2C4CA2CA23B9D0029F6F8 /* Build configuration list for PBXNativeTarget "DammaGochiUITests" */;
			buildPhases = (
				8BD2C4B62CA23B9D0029F6F8 /* Sources */,
				8BD2C4B72CA23B9D0029F6F8 /* Frameworks */,
				8BD2C4B82CA23B9D0029F6F8 /* Resources */,
			);
			buildRules = (
			);
			dependencies = (
				8BD2C4BC2CA23B9D0029F6F8 /* PBXTargetDependency */,
			);
			fileSystemSynchronizedGroups = (
				8BD2C4BD2CA23B9D0029F6F8 /* DammaGochiUITests */,
			);
			name = DammaGochiUITests;
			packageProductDependencies = (
			);
			productName = DammaGochiUITests;
			productReference = 8BD2C4BA2CA23B9D0029F6F8 /* DammaGochiUITests.xctest */;
			productType = "com.apple.product-type.bundle.ui-testing";
		};
/* End PBXNativeTarget section */

/* Begin PBXProject section */
		8BD2C4962CA23B9B0029F6F8 /* Project object */ = {
			isa = PBXProject;
			attributes = {
				BuildIndependentTargetsInParallel = 1;
				LastSwiftUpdateCheck = 1600;
				LastUpgradeCheck = 1600;
				TargetAttributes = {
					8BD2C49D2CA23B9B0029F6F8 = {
						CreatedOnToolsVersion = 16.0;
					};
					8BD2C4AF2CA23B9D0029F6F8 = {
						CreatedOnToolsVersion = 16.0;
						TestTargetID = 8BD2C49D2CA23B9B0029F6F8;
					};
					8BD2C4B92CA23B9D0029F6F8 = {
						CreatedOnToolsVersion = 16.0;
						TestTargetID = 8BD2C49D2CA23B9B0029F6F8;
					};
				};
			};
			buildConfigurationList = 8BD2C4992CA23B9B0029F6F8 /* Build configuration list for PBXProject "DammaGochi" */;
			developmentRegion = en;
			hasScannedForEncodings = 0;
			knownRegions = (
				en,
				Base,
			);
			mainGroup = 8BD2C4952CA23B9B0029F6F8;
			minimizedProjectReferenceProxies = 1;
			packageReferences = (
			);
			preferredProjectObjectVersion = 77;
			productRefGroup = 8BD2C49F2CA23B9B0029F6F8 /* Products */;
			projectDirPath = "";
			projectRoot = "";
			targets = (
				8BD2C49D2CA23B9B0029F6F8 /* DammaGochi */,
				8BD2C4AF2CA23B9D0029F6F8 /* DammaGochiTests */,
				8BD2C4B92CA23B9D0029F6F8 /* DammaGochiUITests */,
			);
		};
/* End PBXProject section */

/* Begin PBXResourcesBuildPhase section */
		8BD2C49C2CA23B9B0029F6F8 /* Resources */ = {
			isa = PBXResourcesBuildPhase;
			buildActionMask = 2147483647;
			files = (
			);
			runOnlyForDeploymentPostprocessing = 0;
		};
		8BD2C4AE2CA23B9D0029F6F8 /* Resources */ = {
			isa = PBXResourcesBuildPhase;
			buildActionMask = 2147483647;
			files = (
			);
			runOnlyForDeploymentPostprocessing = 0;
		};
		8BD2C4B82CA23B9D0029F6F8 /* Resources */ = {
			isa = PBXResourcesBuildPhase;
			buildActionMask = 2147483647;
			files = (
			);
			runOnlyForDeploymentPostprocessing = 0;
		};
/* End PBXResourcesBuildPhase section */

/* Begin PBXSourcesBuildPhase section */
		8BD2C49A2CA23B9B0029F6F8 /* Sources */ = {
			isa = PBXSourcesBuildPhase;
			buildActionMask = 2147483647;
			files = (
			);
			runOnlyForDeploymentPostprocessing = 0;
		};
		8BD2C4AC2CA23B9D0029F6F8 /* Sources */ = {
			isa = PBXSourcesBuildPhase;
			buildActionMask = 2147483647;
			files = (
			);
			runOnlyForDeploymentPostprocessing = 0;
		};
		8BD2C4B62CA23B9D0029F6F8 /* Sources */ = {
			isa = PBXSourcesBuildPhase;
			buildActionMask = 2147483647;
			files = (
			);
			runOnlyForDeploymentPostprocessing = 0;
		};
/* End PBXSourcesBuildPhase section */

/* Begin PBXTargetDependency section */
		8BD2C4B22CA23B9D0029F6F8 /* PBXTargetDependency */ = {
			isa = PBXTargetDependency;
			target = 8BD2C49D2CA23B9B0029F6F8 /* DammaGochi */;
			targetProxy = 8BD2C4B12CA23B9D0029F6F8 /* PBXContainerItemProxy */;
		};
		8BD2C4BC2CA23B9D0029F6F8 /* PBXTargetDependency */ = {
			isa = PBXTargetDependency;
			target = 8BD2C49D2CA23B9B0029F6F8 /* DammaGochi */;
			targetProxy = 8BD2C4BB2CA23B9D0029F6F8 /* PBXContainerItemProxy */;
		};
/* End PBXTargetDependency section */

/* Begin XCBuildConfiguration section */
		8BD2C4C22CA23B9D0029F6F8 /* Debug */ = {
			isa = XCBuildConfiguration;
			buildSettings = {
				ALWAYS_SEARCH_USER_PATHS = NO;
				ASSETCATALOG_COMPILER_GENERATE_SWIFT_ASSET_SYMBOL_EXTENSIONS = YES;
				CLANG_ANALYZER_NONNULL = YES;
				CLANG_ANALYZER_NUMBER_OBJECT_CONVERSION = YES_AGGRESSIVE;
				CLANG_CXX_LANGUAGE_STANDARD = "gnu++20";
				CLANG_ENABLE_MODULES = YES;
				CLANG_ENABLE_OBJC_ARC = YES;
				CLANG_ENABLE_OBJC_WEAK = YES;
				CLANG_WARN_BLOCK_CAPTURE_AUTORELEASING = YES;
				CLANG_WARN_BOOL_CONVERSION = YES;
				CLANG_WARN_COMMA = YES;
				CLANG_WARN_CONSTANT_CONVERSION = YES;
				CLANG_WARN_DEPRECATED_OBJC_IMPLEMENTATIONS = YES;
				CLANG_WARN_DIRECT_OBJC_ISA_USAGE = YES_ERROR;
				CLANG_WARN_DOCUMENTATION_COMMENTS = YES;
				CLANG_WARN_EMPTY_BODY = YES;
				CLANG_WARN_ENUM_CONVERSION = YES;
				CLANG_WARN_INFINITE_RECURSION = YES;
				CLANG_WARN_INT_CONVERSION = YES;
				CLANG_WARN_NON_LITERAL_NULL_CONVERSION = YES;
				CLANG_WARN_OBJC_IMPLICIT_RETAIN_SELF = YES;
				CLANG_WARN_OBJC_LITERAL_CONVERSION = YES;
				CLANG_WARN_OBJC_ROOT_CLASS = YES_ERROR;
				CLANG_WARN_QUOTED_INCLUDE_IN_FRAMEWORK_HEADER = YES;
				CLANG_WARN_RANGE_LOOP_ANALYSIS = YES;
				CLANG_WARN_STRICT_PROTOTYPES = YES;
				CLANG_WARN_SUSPICIOUS_MOVE = YES;
				CLANG_WARN_UNGUARDED_AVAILABILITY = YES_AGGRESSIVE;
				CLANG_WARN_UNREACHABLE_CODE = YES;
				CLANG_WARN__DUPLICATE_METHOD_MATCH = YES;
				COPY_PHASE_STRIP = NO;
				DEBUG_INFORMATION_FORMAT = dwarf;
				ENABLE_STRICT_OBJC_MSGSEND = YES;
				ENABLE_TESTABILITY = YES;
				ENABLE_USER_SCRIPT_SANDBOXING = YES;
				GCC_C_LANGUAGE_STANDARD = gnu17;
				GCC_DYNAMIC_NO_PIC = NO;
				GCC_NO_COMMON_BLOCKS = YES;
				GCC_OPTIMIZATION_LEVEL = 0;
				GCC_PREPROCESSOR_DEFINITIONS = (
					"DEBUG=1",
					"$(inherited)",
				);
				GCC_WARN_64_TO_32_BIT_CONVERSION = YES;
				GCC_WARN_ABOUT_RETURN_TYPE = YES_ERROR;
				GCC_WARN_UNDECLARED_SELECTOR = YES;
				GCC_WARN_UNINITIALIZED_AUTOS = YES_AGGRESSIVE;
				GCC_WARN_UNUSED_FUNCTION = YES;
				GCC_WARN_UNUSED_VARIABLE = YES;
				IPHONEOS_DEPLOYMENT_TARGET = 18.0;
				LOCALIZATION_PREFERS_STRING_CATALOGS = YES;
				MTL_ENABLE_DEBUG_INFO = INCLUDE_SOURCE;
				MTL_FAST_MATH = YES;
				ONLY_ACTIVE_ARCH = YES;
				SDKROOT = iphoneos;
				SWIFT_ACTIVE_COMPILATION_CONDITIONS = "DEBUG $(inherited)";
				SWIFT_OPTIMIZATION_LEVEL = "-Onone";
			};
			name = Debug;
		};
		8BD2C4C32CA23B9D0029F6F8 /* Release */ = {
			isa = XCBuildConfiguration;
			buildSettings = {
				ALWAYS_SEARCH_USER_PATHS = NO;
				ASSETCATALOG_COMPILER_GENERATE_SWIFT_ASSET_SYMBOL_EXTENSIONS = YES;
				CLANG_ANALYZER_NONNULL = YES;
				CLANG_ANALYZER_NUMBER_OBJECT_CONVERSION = YES_AGGRESSIVE;
				CLANG_CXX_LANGUAGE_STANDARD = "gnu++20";
				CLANG_ENABLE_MODULES = YES;
				CLANG_ENABLE_OBJC_ARC = YES;
				CLANG_ENABLE_OBJC_WEAK = YES;
				CLANG_WARN_BLOCK_CAPTURE_AUTORELEASING = YES;
				CLANG_WARN_BOOL_CONVERSION = YES;
				CLANG_WARN_COMMA = YES;
				CLANG_WARN_CONSTANT_CONVERSION = YES;
				CLANG_WARN_DEPRECATED_OBJC_IMPLEMENTATIONS = YES;
				CLANG_WARN_DIRECT_OBJC_ISA_USAGE = YES_ERROR;
				CLANG_WARN_DOCUMENTATION_COMMENTS = YES;
				CLANG_WARN_EMPTY_BODY = YES;
				CLANG_WARN_ENUM_CONVERSION = YES;
				CLANG_WARN_INFINITE_RECURSION = YES;
				CLANG_WARN_INT_CONVERSION = YES;
				CLANG_WARN_NON_LITERAL_NULL_CONVERSION = YES;
				CLANG_WARN_OBJC_IMPLICIT_RETAIN_SELF = YES;
				CLANG_WARN_OBJC_LITERAL_CONVERSION = YES;
				CLANG_WARN_OBJC_ROOT_CLASS = YES_ERROR;
				CLANG_WARN_QUOTED_INCLUDE_IN_FRAMEWORK_HEADER = YES;
				CLANG_WARN_RANGE_LOOP_ANALYSIS = YES;
				CLANG_WARN_STRICT_PROTOTYPES = YES;
				CLANG_WARN_SUSPICIOUS_MOVE = YES;
				CLANG_WARN_UNGUARDED_AVAILABILITY = YES_AGGRESSIVE;
				CLANG_WARN_UNREACHABLE_CODE = YES;
				CLANG_WARN__DUPLICATE_METHOD_MATCH = YES;
				COPY_PHASE_STRIP = NO;
				DEBUG_INFORMATION_FORMAT = "dwarf-with-dsym";
				ENABLE_NS_ASSERTIONS = NO;
				ENABLE_STRICT_OBJC_MSGSEND = YES;
				ENABLE_USER_SCRIPT_SANDBOXING = YES;
				GCC_C_LANGUAGE_STANDARD = gnu17;
				GCC_NO_COMMON_BLOCKS = YES;
				GCC_WARN_64_TO_32_BIT_CONVERSION = YES;
				GCC_WARN_ABOUT_RETURN_TYPE = YES_ERROR;
				GCC_WARN_UNDECLARED_SELECTOR = YES;
				GCC_WARN_UNINITIALIZED_AUTOS = YES_AGGRESSIVE;
				GCC_WARN_UNUSED_FUNCTION = YES;
				GCC_WARN_UNUSED_VARIABLE = YES;
				IPHONEOS_DEPLOYMENT_TARGET = 18.0;
				LOCALIZATION_PREFERS_STRING_CATALOGS = YES;
				MTL_ENABLE_DEBUG_INFO = NO;
				MTL_FAST_MATH = YES;
				SDKROOT = iphoneos;
				SWIFT_COMPILATION_MODE = wholemodule;
				VALIDATE_PRODUCT = YES;
			};
			name = Release;
		};
		8BD2C4C52CA23B9D0029F6F8 /* Debug */ = {
			isa = XCBuildConfiguration;
			buildSettings = {
				ASSETCATALOG_COMPILER_APPICON_NAME = AppIcon;
				ASSETCATALOG_COMPILER_GLOBAL_ACCENT_COLOR_NAME = AccentColor;
				CODE_SIGN_STYLE = Automatic;
				CURRENT_PROJECT_VERSION = 1;
				DEVELOPMENT_ASSET_PATHS = "\"DammaGochi/Preview Content\"";
				DEVELOPMENT_TEAM = "";
				ENABLE_PREVIEWS = YES;
				GENERATE_INFOPLIST_FILE = YES;
				INFOPLIST_KEY_UIApplicationSceneManifest_Generation = YES;
				INFOPLIST_KEY_UIApplicationSupportsIndirectInputEvents = YES;
				INFOPLIST_KEY_UILaunchScreen_Generation = YES;
				INFOPLIST_KEY_UISupportedInterfaceOrientations_iPad = "UIInterfaceOrientationPortrait UIInterfaceOrientationPortraitUpsideDown UIInterfaceOrientationLandscapeLeft UIInterfaceOrientationLandscapeRight";
				INFOPLIST_KEY_UISupportedInterfaceOrientations_iPhone = "UIInterfaceOrientationPortrait UIInterfaceOrientationLandscapeLeft UIInterfaceOrientationLandscapeRight";
				LD_RUNPATH_SEARCH_PATHS = (
					"$(inherited)",
					"@executable_path/Frameworks",
				);
				MARKETING_VERSION = 1.0;
				PRODUCT_BUNDLE_IDENTIFIER = education.techit.DammaGochi;
				PRODUCT_NAME = "$(TARGET_NAME)";
				SWIFT_EMIT_LOC_STRINGS = YES;
				SWIFT_VERSION = 5.0;
				TARGETED_DEVICE_FAMILY = "1,2";
			};
			name = Debug;
		};
		8BD2C4C62CA23B9D0029F6F8 /* Release */ = {
			isa = XCBuildConfiguration;
			buildSettings = {
				ASSETCATALOG_COMPILER_APPICON_NAME = AppIcon;
				ASSETCATALOG_COMPILER_GLOBAL_ACCENT_COLOR_NAME = AccentColor;
				CODE_SIGN_STYLE = Automatic;
				CURRENT_PROJECT_VERSION = 1;
				DEVELOPMENT_ASSET_PATHS = "\"DammaGochi/Preview Content\"";
				DEVELOPMENT_TEAM = "";
				ENABLE_PREVIEWS = YES;
				GENERATE_INFOPLIST_FILE = YES;
				INFOPLIST_KEY_UIApplicationSceneManifest_Generation = YES;
				INFOPLIST_KEY_UIApplicationSupportsIndirectInputEvents = YES;
				INFOPLIST_KEY_UILaunchScreen_Generation = YES;
				INFOPLIST_KEY_UISupportedInterfaceOrientations_iPad = "UIInterfaceOrientationPortrait UIInterfaceOrientationPortraitUpsideDown UIInterfaceOrientationLandscapeLeft UIInterfaceOrientationLandscapeRight";
				INFOPLIST_KEY_UISupportedInterfaceOrientations_iPhone = "UIInterfaceOrientationPortrait UIInterfaceOrientationLandscapeLeft UIInterfaceOrientationLandscapeRight";
				LD_RUNPATH_SEARCH_PATHS = (
					"$(inherited)",
					"@executable_path/Frameworks",
				);
				MARKETING_VERSION = 1.0;
				PRODUCT_BUNDLE_IDENTIFIER = education.techit.DammaGochi;
				PRODUCT_NAME = "$(TARGET_NAME)";
				SWIFT_EMIT_LOC_STRINGS = YES;
				SWIFT_VERSION = 5.0;
				TARGETED_DEVICE_FAMILY = "1,2";
			};
			name = Release;
		};
		8BD2C4C82CA23B9D0029F6F8 /* Debug */ = {
			isa = XCBuildConfiguration;
			buildSettings = {
				BUNDLE_LOADER = "$(TEST_HOST)";
				CODE_SIGN_STYLE = Automatic;
				CURRENT_PROJECT_VERSION = 1;
				DEVELOPMENT_TEAM = 6LABR3CRRD;
				GENERATE_INFOPLIST_FILE = YES;
				IPHONEOS_DEPLOYMENT_TARGET = 18.0;
				MARKETING_VERSION = 1.0;
				PRODUCT_BUNDLE_IDENTIFIER = education.techit.DammaGochiTests;
				PRODUCT_NAME = "$(TARGET_NAME)";
				SWIFT_EMIT_LOC_STRINGS = NO;
				SWIFT_VERSION = 5.0;
				TARGETED_DEVICE_FAMILY = "1,2";
				TEST_HOST = "$(BUILT_PRODUCTS_DIR)/DammaGochi.app/$(BUNDLE_EXECUTABLE_FOLDER_PATH)/DammaGochi";
			};
			name = Debug;
		};
		8BD2C4C92CA23B9D0029F6F8 /* Release */ = {
			isa = XCBuildConfiguration;
			buildSettings = {
				BUNDLE_LOADER = "$(TEST_HOST)";
				CODE_SIGN_STYLE = Automatic;
				CURRENT_PROJECT_VERSION = 1;
				DEVELOPMENT_TEAM = 6LABR3CRRD;
				GENERATE_INFOPLIST_FILE = YES;
				IPHONEOS_DEPLOYMENT_TARGET = 18.0;
				MARKETING_VERSION = 1.0;
				PRODUCT_BUNDLE_IDENTIFIER = education.techit.DammaGochiTests;
				PRODUCT_NAME = "$(TARGET_NAME)";
				SWIFT_EMIT_LOC_STRINGS = NO;
				SWIFT_VERSION = 5.0;
				TARGETED_DEVICE_FAMILY = "1,2";
				TEST_HOST = "$(BUILT_PRODUCTS_DIR)/DammaGochi.app/$(BUNDLE_EXECUTABLE_FOLDER_PATH)/DammaGochi";
			};
			name = Release;
		};
		8BD2C4CB2CA23B9D0029F6F8 /* Debug */ = {
			isa = XCBuildConfiguration;
			buildSettings = {
				CODE_SIGN_STYLE = Automatic;
				CURRENT_PROJECT_VERSION = 1;
				DEVELOPMENT_TEAM = 6LABR3CRRD;
				GENERATE_INFOPLIST_FILE = YES;
				MARKETING_VERSION = 1.0;
				PRODUCT_BUNDLE_IDENTIFIER = education.techit.DammaGochiUITests;
				PRODUCT_NAME = "$(TARGET_NAME)";
				SWIFT_EMIT_LOC_STRINGS = NO;
				SWIFT_VERSION = 5.0;
				TARGETED_DEVICE_FAMILY = "1,2";
				TEST_TARGET_NAME = DammaGochi;
			};
			name = Debug;
		};
		8BD2C4CC2CA23B9D0029F6F8 /* Release */ = {
			isa = XCBuildConfiguration;
			buildSettings = {
				CODE_SIGN_STYLE = Automatic;
				CURRENT_PROJECT_VERSION = 1;
				DEVELOPMENT_TEAM = 6LABR3CRRD;
				GENERATE_INFOPLIST_FILE = YES;
				MARKETING_VERSION = 1.0;
				PRODUCT_BUNDLE_IDENTIFIER = education.techit.DammaGochiUITests;
				PRODUCT_NAME = "$(TARGET_NAME)";
				SWIFT_EMIT_LOC_STRINGS = NO;
				SWIFT_VERSION = 5.0;
				TARGETED_DEVICE_FAMILY = "1,2";
				TEST_TARGET_NAME = DammaGochi;
			};
			name = Release;
		};
/* End XCBuildConfiguration section */

/* Begin XCConfigurationList section */
		8BD2C4992CA23B9B0029F6F8 /* Build configuration list for PBXProject "DammaGochi" */ = {
			isa = XCConfigurationList;
			buildConfigurations = (
				8BD2C4C22CA23B9D0029F6F8 /* Debug */,
				8BD2C4C32CA23B9D0029F6F8 /* Release */,
			);
			defaultConfigurationIsVisible = 0;
			defaultConfigurationName = Release;
		};
		8BD2C4C42CA23B9D0029F6F8 /* Build configuration list for PBXNativeTarget "DammaGochi" */ = {
			isa = XCConfigurationList;
			buildConfigurations = (
				8BD2C4C52CA23B9D0029F6F8 /* Debug */,
				8BD2C4C62CA23B9D0029F6F8 /* Release */,
			);
			defaultConfigurationIsVisible = 0;
			defaultConfigurationName = Release;
		};
		8BD2C4C72CA23B9D0029F6F8 /* Build configuration list for PBXNativeTarget "DammaGochiTests" */ = {
			isa = XCConfigurationList;
			buildConfigurations = (
				8BD2C4C82CA23B9D0029F6F8 /* Debug */,
				8BD2C4C92CA23B9D0029F6F8 /* Release */,
			);
			defaultConfigurationIsVisible = 0;
			defaultConfigurationName = Release;
		};
		8BD2C4CA2CA23B9D0029F6F8 /* Build configuration list for PBXNativeTarget "DammaGochiUITests" */ = {
			isa = XCConfigurationList;
			buildConfigurations = (
				8BD2C4CB2CA23B9D0029F6F8 /* Debug */,
				8BD2C4CC2CA23B9D0029F6F8 /* Release */,
			);
			defaultConfigurationIsVisible = 0;
			defaultConfigurationName = Release;
		};
/* End XCConfigurationList section */
	};
	rootObject = 8BD2C4962CA23B9B0029F6F8 /* Project object */;
}
